
Microsoft Visual Studio Solution File, Format Version 12.00
# Visual Studio 2015
Project("{FAE04EC0-301F-11D3-BF4B-00C04F79EFBC}") = "ZedIntegrationTest", "ZedIntegrationTest.csproj", "{89886A08-3731-73B8-9391-4A6CD2FBD961}"
EndProject
Project("{FAE04EC0-301F-11D3-BF4B-00C04F79EFBC}") = "ZedIntegrationTest.Editor", "ZedIntegrationTest.Editor.csproj", "{F17C1F49-7EFB-A613-43EE-C701F98A0F92}"
EndProject
Global
	GlobalSection(SolutionConfigurationPlatforms) = preSolution
		Debug|Any CPU = Debug|Any CPU
		Release|Any CPU = Release|Any CPU
	EndGlobalSection
	GlobalSection(ProjectConfigurationPlatforms) = postSolution
		{89886A08-3731-73B8-9391-4A6CD2FBD961}.Debug|Any CPU.ActiveCfg = Debug|Any CPU
		{89886A08-3731-73B8-9391-4A6CD2FBD961}.Debug|Any CPU.Build.0 = Debug|Any CPU
		{89886A08-3731-73B8-9391-4A6CD2FBD961}.Release|Any CPU.ActiveCfg = Release|Any CPU
		{89886A08-3731-73B8-9391-4A6CD2FBD961}.Release|Any CPU.Build.0 = Release|Any CPU
		{F17C1F49-7EFB-A613-43EE-C701F98A0F92}.Debug|Any CPU.ActiveCfg = Debug|Any CPU
		{F17C1F49-7EFB-A613-43EE-C701F98A0F92}.Debug|Any CPU.Build.0 = Debug|Any CPU
		{F17C1F49-7EFB-A613-43EE-C701F98A0F92}.Release|Any CPU.ActiveCfg = Release|Any CPU
		{F17C1F49-7EFB-A613-43EE-C701F98A0F92}.Release|Any CPU.Build.0 = Release|Any CPU
	EndGlobalSection
	GlobalSection(SolutionProperties) = preSolution
		HideSolutionNode = FALSE
	EndGlobalSection
EndGlobal
