Microsoft Visual Studio Solution File, Format Version 11.00
# Visual Studio 2008

Project("{A2B3D815-9A6E-464E-1EBA-B9082369CE14}") = "ZedIntegrationTest", "Assembly-CSharp.csproj", "{9BB357AB-8FDE-165B-EE9B-3CFE15F36D91}"
EndProject
Project("{A2B3D815-9A6E-464E-1EBA-B9082369CE14}") = "ZedIntegrationTest", "Assembly-CSharp-Editor.csproj", "{5815C14D-F0F4-1211-EC07-0ED707BB87AF}"
EndProject
Global
	GlobalSection(SolutionConfigurationPlatforms) = preSolution
		Debug|Any CPU = Debug|Any CPU
		Release|Any CPU = Release|Any CPU
	EndGlobalSection
	GlobalSection(ProjectConfigurationPlatforms) = postSolution
		{9BB357AB-8FDE-165B-EE9B-3CFE15F36D91}.Debug|Any CPU.ActiveCfg = Debug|Any CPU
		{9BB357AB-8FDE-165B-EE9B-3CFE15F36D91}.Debug|Any CPU.Build.0 = Debug|Any CPU
		{9BB357AB-8FDE-165B-EE9B-3CFE15F36D91}.Release|Any CPU.ActiveCfg = Release|Any CPU
		{9BB357AB-8FDE-165B-EE9B-3CFE15F36D91}.Release|Any CPU.Build.0 = Release|Any CPU
		{5815C14D-F0F4-1211-EC07-0ED707BB87AF}.Debug|Any CPU.ActiveCfg = Debug|Any CPU
		{5815C14D-F0F4-1211-EC07-0ED707BB87AF}.Debug|Any CPU.Build.0 = Debug|Any CPU
		{5815C14D-F0F4-1211-EC07-0ED707BB87AF}.Release|Any CPU.ActiveCfg = Release|Any CPU
		{5815C14D-F0F4-1211-EC07-0ED707BB87AF}.Release|Any CPU.Build.0 = Release|Any CPU
	EndGlobalSection
	GlobalSection(SolutionProperties) = preSolution
		HideSolutionNode = FALSE
	EndGlobalSection
	GlobalSection(MonoDevelopProperties) = preSolution
		StartupItem = Assembly-CSharp.csproj
	EndGlobalSection
EndGlobal
